<?xml version="1.0" encoding="utf-8"?>
<Project ToolsVersion="4.0" xmlns="http://schemas.microsoft.com/developer/msbuild/2003">
  <ItemGroup>
    <Filter Include="Source Files">
      <UniqueIdentifier>{4FC737F1-C7A5-4376-A066-2A32D752A2FF}</UniqueIdentifier>
      <Extensions>cpp;c;cc;cxx;c++;cppm;ixx;def;odl;idl;hpj;bat;asm;asmx</Extensions>
    </Filter>
    <Filter Include="Header Files">
      <UniqueIdentifier>{93995380-89BD-4b04-88EB-625FBE52EBFB}</UniqueIdentifier>
      <Extensions>h;hh;hpp;hxx;h++;hm;inl;inc;ipp;xsd</Extensions>
    </Filter>
    <Filter Include="Resource Files">
      <UniqueIdentifier>{67DA6AB6-F800-4c08-8B7A-83BB121AAD01}</UniqueIdentifier>
      <Extensions>rc;ico;cur;bmp;dlg;rc2;rct;bin;rgs;gif;jpg;jpeg;jpe;resx;tiff;tif;png;wav;mfcribbon-ms</Extensions>
    </Filter>
  </ItemGroup>
  <ItemGroup>
    <ClCompile Include="src\main.cpp">
      <Filter>Source Files</Filter>
    </ClCompile>
    <ClCompile Include="Dependencies\ImGui\ImGuiFileDialog\ImGuiFileDialog.cpp">
      <Filter>Source Files</Filter>
    </ClCompile>
    <ClCompile Include="Dependencies\ImGui\ImPlot\implot.cpp">
      <Filter>Source Files</Filter>
    </ClCompile>
    <ClCompile Include="Dependencies\ImGui\ImPlot\implot_demo.cpp">
      <Filter>Source Files</Filter>
    </ClCompile>
    <ClCompile Include="Dependencies\ImGui\ImPlot\implot_items.cpp">
      <Filter>Source Files</Filter>
    </ClCompile>
    <ClCompile Include="Dependencies\ImGui\imgui.cpp">
      <Filter>Source Files</Filter>
    </ClCompile>
    <ClCompile Include="Dependencies\ImGui\imgui_demo.cpp">
      <Filter>Source Files</Filter>
    </ClCompile>
    <ClCompile Include="Dependencies\ImGui\imgui_draw.cpp">
      <Filter>Source Files</Filter>
    </ClCompile>
    <ClCompile Include="Dependencies\ImGui\imgui_impl_glfw.cpp">
      <Filter>Source Files</Filter>
    </ClCompile>
    <ClCompile Include="Dependencies\ImGui\imgui_impl_opengl3.cpp">
      <Filter>Source Files</Filter>
    </ClCompile>
    <ClCompile Include="Dependencies\ImGui\imgui_tables.cpp">
      <Filter>Source Files</Filter>
    </ClCompile>
    <ClCompile Include="Dependencies\ImGui\imgui_widgets.cpp">
      <Filter>Source Files</Filter>
    </ClCompile>
    <ClCompile Include="Dependencies\ImGui\ImGuiAl\msgbox\imguial_msgbox.cpp">
      <Filter>Source Files</Filter>
    </ClCompile>
    <ClCompile Include="Dependencies\ImGui\ImGuiAl\term\imguial_term.cpp">
      <Filter>Source Files</Filter>
    </ClCompile>
    <ClCompile Include="src\Function\OpenCV.cpp">
      <Filter>Source Files</Filter>
    </ClCompile>
    <ClCompile Include="src\Function\Logger.cpp">
      <Filter>Source Files</Filter>
    </ClCompile>
    <ClCompile Include="src\GUI\Investigation\Hardware\HardwareUsage.cpp">
      <Filter>Source Files</Filter>
    </ClCompile>
    <ClCompile Include="Dependencies\ImGui\imgui_extention.cpp">
      <Filter>Source Files</Filter>
    </ClCompile>
    <ClCompile Include="src\pch.cpp">
      <Filter>Source Files</Filter>
    </ClCompile>
    <ClCompile Include="src\Function\Plot.cpp">
      <Filter>Source Files</Filter>
    </ClCompile>
    <ClCompile Include="Dependencies\PugiXml\include\PugiXml\pugixml.cpp">
      <Filter>Source Files</Filter>
    </ClCompile>
    <ClCompile Include="src\GUI\Window\ImGuiWindow.cpp">
      <Filter>Source Files</Filter>
    </ClCompile>
    <ClCompile Include="src\GUI\Tools\ImGuiToolWindow.cpp">
      <Filter>Source Files</Filter>
    </ClCompile>
    <ClCompile Include="src\GUI\Main\Application.cpp">
      <Filter>Source Files</Filter>
    </ClCompile>
    <ClCompile Include="src\GUI\Tools\OpenCV\OpenCVToolWindow.cpp">
      <Filter>Source Files</Filter>
    </ClCompile>
    <ClCompile Include="src\GUI\Tools\Debugger\DebugToolWindow.cpp">
      <Filter>Source Files</Filter>
    </ClCompile>
    <ClCompile Include="src\GUI\Style\Style.cpp">
      <Filter>Source Files</Filter>
    </ClCompile>
    <ClCompile Include="src\GUI\Tools\Plot\PlotToolWindow.cpp">
      <Filter>Source Files</Filter>
    </ClCompile>
    <ClCompile Include="src\LYGui.cpp">
      <Filter>Source Files</Filter>
    </ClCompile>
    <ClCompile Include="src\GUI\Window\Logger\LoggerWindow.cpp">
      <Filter>Source Files</Filter>
    </ClCompile>
    <ClCompile Include="Dependencies\ThreadPool\tests\BS_thread_pool_test.cpp">
      <Filter>Source Files</Filter>
    </ClCompile>
    <ClCompile Include="src\Function\Math.cpp">
      <Filter>Source Files</Filter>
    </ClCompile>
  </ItemGroup>
  <ItemGroup>
    <ClInclude Include="Dependencies\GLFW\include\GLFW\glfw3.h">
      <Filter>Header Files</Filter>
    </ClInclude>
    <ClInclude Include="Dependencies\GLFW\include\GLFW\glfw3native.h">
      <Filter>Header Files</Filter>
    </ClInclude>
    <ClInclude Include="Dependencies\ImGui\ImGuiFileDialog\dirent\dirent.h">
      <Filter>Header Files</Filter>
    </ClInclude>
    <ClInclude Include="Dependencies\ImGui\ImGuiFileDialog\ImGuiFileDialog.h">
      <Filter>Header Files</Filter>
    </ClInclude>
    <ClInclude Include="Dependencies\ImGui\ImGuiFileDialog\ImGuiFileDialogConfig.h">
      <Filter>Header Files</Filter>
    </ClInclude>
    <ClInclude Include="Dependencies\ImGui\ImPlot\implot.h">
      <Filter>Header Files</Filter>
    </ClInclude>
    <ClInclude Include="Dependencies\ImGui\ImPlot\implot_internal.h">
      <Filter>Header Files</Filter>
    </ClInclude>
    <ClInclude Include="Dependencies\ImGui\imconfig.h">
      <Filter>Header Files</Filter>
    </ClInclude>
    <ClInclude Include="Dependencies\ImGui\imgui.h">
      <Filter>Header Files</Filter>
    </ClInclude>
    <ClInclude Include="Dependencies\ImGui\imgui_impl_glfw.h">
      <Filter>Header Files</Filter>
    </ClInclude>
    <ClInclude Include="Dependencies\ImGui\imgui_impl_opengl3.h">
      <Filter>Header Files</Filter>
    </ClInclude>
    <ClInclude Include="Dependencies\ImGui\imgui_impl_opengl3_loader.h">
      <Filter>Header Files</Filter>
    </ClInclude>
    <ClInclude Include="Dependencies\ImGui\imgui_internal.h">
      <Filter>Header Files</Filter>
    </ClInclude>
    <ClInclude Include="Dependencies\OpenCV\include\opencv2\calib3d\calib3d.hpp">
      <Filter>Header Files</Filter>
    </ClInclude>
    <ClInclude Include="Dependencies\OpenCV\include\opencv2\calib3d\calib3d_c.h">
      <Filter>Header Files</Filter>
    </ClInclude>
    <ClInclude Include="Dependencies\OpenCV\include\opencv2\core\cuda\detail\color_detail.hpp">
      <Filter>Header Files</Filter>
    </ClInclude>
    <ClInclude Include="Dependencies\OpenCV\include\opencv2\core\cuda\detail\reduce.hpp">
      <Filter>Header Files</Filter>
    </ClInclude>
    <ClInclude Include="Dependencies\OpenCV\include\opencv2\core\cuda\detail\reduce_key_val.hpp">
      <Filter>Header Files</Filter>
    </ClInclude>
    <ClInclude Include="Dependencies\OpenCV\include\opencv2\core\cuda\detail\transform_detail.hpp">
      <Filter>Header Files</Filter>
    </ClInclude>
    <ClInclude Include="Dependencies\OpenCV\include\opencv2\core\cuda\detail\type_traits_detail.hpp">
      <Filter>Header Files</Filter>
    </ClInclude>
    <ClInclude Include="Dependencies\OpenCV\include\opencv2\core\cuda\detail\vec_distance_detail.hpp">
      <Filter>Header Files</Filter>
    </ClInclude>
    <ClInclude Include="Dependencies\OpenCV\include\opencv2\core\cuda\block.hpp">
      <Filter>Header Files</Filter>
    </ClInclude>
    <ClInclude Include="Dependencies\OpenCV\include\opencv2\core\cuda\border_interpolate.hpp">
      <Filter>Header Files</Filter>
    </ClInclude>
    <ClInclude Include="Dependencies\OpenCV\include\opencv2\core\cuda\color.hpp">
      <Filter>Header Files</Filter>
    </ClInclude>
    <ClInclude Include="Dependencies\OpenCV\include\opencv2\core\cuda\common.hpp">
      <Filter>Header Files</Filter>
    </ClInclude>
    <ClInclude Include="Dependencies\OpenCV\include\opencv2\core\cuda\datamov_utils.hpp">
      <Filter>Header Files</Filter>
    </ClInclude>
    <ClInclude Include="Dependencies\OpenCV\include\opencv2\core\cuda\dynamic_smem.hpp">
      <Filter>Header Files</Filter>
    </ClInclude>
    <ClInclude Include="Dependencies\OpenCV\include\opencv2\core\cuda\emulation.hpp">
      <Filter>Header Files</Filter>
    </ClInclude>
    <ClInclude Include="Dependencies\OpenCV\include\opencv2\core\cuda\filters.hpp">
      <Filter>Header Files</Filter>
    </ClInclude>
    <ClInclude Include="Dependencies\OpenCV\include\opencv2\core\cuda\funcattrib.hpp">
      <Filter>Header Files</Filter>
    </ClInclude>
    <ClInclude Include="Dependencies\OpenCV\include\opencv2\core\cuda\functional.hpp">
      <Filter>Header Files</Filter>
    </ClInclude>
    <ClInclude Include="Dependencies\OpenCV\include\opencv2\core\cuda\limits.hpp">
      <Filter>Header Files</Filter>
    </ClInclude>
    <ClInclude Include="Dependencies\OpenCV\include\opencv2\core\cuda\reduce.hpp">
      <Filter>Header Files</Filter>
    </ClInclude>
    <ClInclude Include="Dependencies\OpenCV\include\opencv2\core\cuda\saturate_cast.hpp">
      <Filter>Header Files</Filter>
    </ClInclude>
    <ClInclude Include="Dependencies\OpenCV\include\opencv2\core\cuda\scan.hpp">
      <Filter>Header Files</Filter>
    </ClInclude>
    <ClInclude Include="Dependencies\OpenCV\include\opencv2\core\cuda\simd_functions.hpp">
      <Filter>Header Files</Filter>
    </ClInclude>
    <ClInclude Include="Dependencies\OpenCV\include\opencv2\core\cuda\transform.hpp">
      <Filter>Header Files</Filter>
    </ClInclude>
    <ClInclude Include="Dependencies\OpenCV\include\opencv2\core\cuda\type_traits.hpp">
      <Filter>Header Files</Filter>
    </ClInclude>
    <ClInclude Include="Dependencies\OpenCV\include\opencv2\core\cuda\utility.hpp">
      <Filter>Header Files</Filter>
    </ClInclude>
    <ClInclude Include="Dependencies\OpenCV\include\opencv2\core\cuda\vec_distance.hpp">
      <Filter>Header Files</Filter>
    </ClInclude>
    <ClInclude Include="Dependencies\OpenCV\include\opencv2\core\cuda\vec_math.hpp">
      <Filter>Header Files</Filter>
    </ClInclude>
    <ClInclude Include="Dependencies\OpenCV\include\opencv2\core\cuda\vec_traits.hpp">
      <Filter>Header Files</Filter>
    </ClInclude>
    <ClInclude Include="Dependencies\OpenCV\include\opencv2\core\cuda\warp.hpp">
      <Filter>Header Files</Filter>
    </ClInclude>
    <ClInclude Include="Dependencies\OpenCV\include\opencv2\core\cuda\warp_reduce.hpp">
      <Filter>Header Files</Filter>
    </ClInclude>
    <ClInclude Include="Dependencies\OpenCV\include\opencv2\core\cuda\warp_shuffle.hpp">
      <Filter>Header Files</Filter>
    </ClInclude>
    <ClInclude Include="Dependencies\OpenCV\include\opencv2\core\detail\async_promise.hpp">
      <Filter>Header Files</Filter>
    </ClInclude>
    <ClInclude Include="Dependencies\OpenCV\include\opencv2\core\detail\dispatch_helper.impl.hpp">
      <Filter>Header Files</Filter>
    </ClInclude>
    <ClInclude Include="Dependencies\OpenCV\include\opencv2\core\detail\exception_ptr.hpp">
      <Filter>Header Files</Filter>
    </ClInclude>
    <ClInclude Include="Dependencies\OpenCV\include\opencv2\core\hal\hal.hpp">
      <Filter>Header Files</Filter>
    </ClInclude>
    <ClInclude Include="Dependencies\OpenCV\include\opencv2\core\hal\interface.h">
      <Filter>Header Files</Filter>
    </ClInclude>
    <ClInclude Include="Dependencies\OpenCV\include\opencv2\core\hal\intrin.hpp">
      <Filter>Header Files</Filter>
    </ClInclude>
    <ClInclude Include="Dependencies\OpenCV\include\opencv2\core\hal\intrin_avx.hpp">
      <Filter>Header Files</Filter>
    </ClInclude>
    <ClInclude Include="Dependencies\OpenCV\include\opencv2\core\hal\intrin_avx512.hpp">
      <Filter>Header Files</Filter>
    </ClInclude>
    <ClInclude Include="Dependencies\OpenCV\include\opencv2\core\hal\intrin_cpp.hpp">
      <Filter>Header Files</Filter>
    </ClInclude>
    <ClInclude Include="Dependencies\OpenCV\include\opencv2\core\hal\intrin_forward.hpp">
      <Filter>Header Files</Filter>
    </ClInclude>
    <ClInclude Include="Dependencies\OpenCV\include\opencv2\core\hal\intrin_msa.hpp">
      <Filter>Header Files</Filter>
    </ClInclude>
    <ClInclude Include="Dependencies\OpenCV\include\opencv2\core\hal\intrin_neon.hpp">
      <Filter>Header Files</Filter>
    </ClInclude>
    <ClInclude Include="Dependencies\OpenCV\include\opencv2\core\hal\intrin_rvv.hpp">
      <Filter>Header Files</Filter>
    </ClInclude>
    <ClInclude Include="Dependencies\OpenCV\include\opencv2\core\hal\intrin_rvv071.hpp">
      <Filter>Header Files</Filter>
    </ClInclude>
    <ClInclude Include="Dependencies\OpenCV\include\opencv2\core\hal\intrin_sse.hpp">
      <Filter>Header Files</Filter>
    </ClInclude>
    <ClInclude Include="Dependencies\OpenCV\include\opencv2\core\hal\intrin_sse_em.hpp">
      <Filter>Header Files</Filter>
    </ClInclude>
    <ClInclude Include="Dependencies\OpenCV\include\opencv2\core\hal\intrin_vsx.hpp">
      <Filter>Header Files</Filter>
    </ClInclude>
    <ClInclude Include="Dependencies\OpenCV\include\opencv2\core\hal\intrin_wasm.hpp">
      <Filter>Header Files</Filter>
    </ClInclude>
    <ClInclude Include="Dependencies\OpenCV\include\opencv2\core\hal\msa_macros.h">
      <Filter>Header Files</Filter>
    </ClInclude>
    <ClInclude Include="Dependencies\OpenCV\include\opencv2\core\hal\simd_utils.impl.hpp">
      <Filter>Header Files</Filter>
    </ClInclude>
    <ClInclude Include="Dependencies\OpenCV\include\opencv2\core\opencl\runtime\autogenerated\opencl_clblas.hpp">
      <Filter>Header Files</Filter>
    </ClInclude>
    <ClInclude Include="Dependencies\OpenCV\include\opencv2\core\opencl\runtime\autogenerated\opencl_clfft.hpp">
      <Filter>Header Files</Filter>
    </ClInclude>
    <ClInclude Include="Dependencies\OpenCV\include\opencv2\core\opencl\runtime\autogenerated\opencl_core.hpp">
      <Filter>Header Files</Filter>
    </ClInclude>
    <ClInclude Include="Dependencies\OpenCV\include\opencv2\core\opencl\runtime\autogenerated\opencl_core_wrappers.hpp">
      <Filter>Header Files</Filter>
    </ClInclude>
    <ClInclude Include="Dependencies\OpenCV\include\opencv2\core\opencl\runtime\autogenerated\opencl_gl.hpp">
      <Filter>Header Files</Filter>
    </ClInclude>
    <ClInclude Include="Dependencies\OpenCV\include\opencv2\core\opencl\runtime\autogenerated\opencl_gl_wrappers.hpp">
      <Filter>Header Files</Filter>
    </ClInclude>
    <ClInclude Include="Dependencies\OpenCV\include\opencv2\core\opencl\runtime\opencl_clblas.hpp">
      <Filter>Header Files</Filter>
    </ClInclude>
    <ClInclude Include="Dependencies\OpenCV\include\opencv2\core\opencl\runtime\opencl_clfft.hpp">
      <Filter>Header Files</Filter>
    </ClInclude>
    <ClInclude Include="Dependencies\OpenCV\include\opencv2\core\opencl\runtime\opencl_core.hpp">
      <Filter>Header Files</Filter>
    </ClInclude>
    <ClInclude Include="Dependencies\OpenCV\include\opencv2\core\opencl\runtime\opencl_core_wrappers.hpp">
      <Filter>Header Files</Filter>
    </ClInclude>
    <ClInclude Include="Dependencies\OpenCV\include\opencv2\core\opencl\runtime\opencl_gl.hpp">
      <Filter>Header Files</Filter>
    </ClInclude>
    <ClInclude Include="Dependencies\OpenCV\include\opencv2\core\opencl\runtime\opencl_gl_wrappers.hpp">
      <Filter>Header Files</Filter>
    </ClInclude>
    <ClInclude Include="Dependencies\OpenCV\include\opencv2\core\opencl\runtime\opencl_svm_20.hpp">
      <Filter>Header Files</Filter>
    </ClInclude>
    <ClInclude Include="Dependencies\OpenCV\include\opencv2\core\opencl\runtime\opencl_svm_definitions.hpp">
      <Filter>Header Files</Filter>
    </ClInclude>
    <ClInclude Include="Dependencies\OpenCV\include\opencv2\core\opencl\runtime\opencl_svm_hsa_extension.hpp">
      <Filter>Header Files</Filter>
    </ClInclude>
    <ClInclude Include="Dependencies\OpenCV\include\opencv2\core\opencl\ocl_defs.hpp">
      <Filter>Header Files</Filter>
    </ClInclude>
    <ClInclude Include="Dependencies\OpenCV\include\opencv2\core\opencl\opencl_info.hpp">
      <Filter>Header Files</Filter>
    </ClInclude>
    <ClInclude Include="Dependencies\OpenCV\include\opencv2\core\opencl\opencl_svm.hpp">
      <Filter>Header Files</Filter>
    </ClInclude>
    <ClInclude Include="Dependencies\OpenCV\include\opencv2\core\parallel\backend\parallel_for.openmp.hpp">
      <Filter>Header Files</Filter>
    </ClInclude>
    <ClInclude Include="Dependencies\OpenCV\include\opencv2\core\parallel\backend\parallel_for.tbb.hpp">
      <Filter>Header Files</Filter>
    </ClInclude>
    <ClInclude Include="Dependencies\OpenCV\include\opencv2\core\parallel\parallel_backend.hpp">
      <Filter>Header Files</Filter>
    </ClInclude>
    <ClInclude Include="Dependencies\OpenCV\include\opencv2\core\utils\allocator_stats.hpp">
      <Filter>Header Files</Filter>
    </ClInclude>
    <ClInclude Include="Dependencies\OpenCV\include\opencv2\core\utils\allocator_stats.impl.hpp">
      <Filter>Header Files</Filter>
    </ClInclude>
    <ClInclude Include="Dependencies\OpenCV\include\opencv2\core\utils\filesystem.hpp">
      <Filter>Header Files</Filter>
    </ClInclude>
    <ClInclude Include="Dependencies\OpenCV\include\opencv2\core\utils\fp_control_utils.hpp">
      <Filter>Header Files</Filter>
    </ClInclude>
    <ClInclude Include="Dependencies\OpenCV\include\opencv2\core\utils\instrumentation.hpp">
      <Filter>Header Files</Filter>
    </ClInclude>
    <ClInclude Include="Dependencies\OpenCV\include\opencv2\core\utils\logger.defines.hpp">
      <Filter>Header Files</Filter>
    </ClInclude>
    <ClInclude Include="Dependencies\OpenCV\include\opencv2\core\utils\logger.hpp">
      <Filter>Header Files</Filter>
    </ClInclude>
    <ClInclude Include="Dependencies\OpenCV\include\opencv2\core\utils\logtag.hpp">
      <Filter>Header Files</Filter>
    </ClInclude>
    <ClInclude Include="Dependencies\OpenCV\include\opencv2\core\utils\tls.hpp">
      <Filter>Header Files</Filter>
    </ClInclude>
    <ClInclude Include="Dependencies\OpenCV\include\opencv2\core\utils\trace.hpp">
      <Filter>Header Files</Filter>
    </ClInclude>
    <ClInclude Include="Dependencies\OpenCV\include\opencv2\core\affine.hpp">
      <Filter>Header Files</Filter>
    </ClInclude>
    <ClInclude Include="Dependencies\OpenCV\include\opencv2\core\async.hpp">
      <Filter>Header Files</Filter>
    </ClInclude>
    <ClInclude Include="Dependencies\OpenCV\include\opencv2\core\base.hpp">
      <Filter>Header Files</Filter>
    </ClInclude>
    <ClInclude Include="Dependencies\OpenCV\include\opencv2\core\bindings_utils.hpp">
      <Filter>Header Files</Filter>
    </ClInclude>
    <ClInclude Include="Dependencies\OpenCV\include\opencv2\core\bufferpool.hpp">
      <Filter>Header Files</Filter>
    </ClInclude>
    <ClInclude Include="Dependencies\OpenCV\include\opencv2\core\check.hpp">
      <Filter>Header Files</Filter>
    </ClInclude>
    <ClInclude Include="Dependencies\OpenCV\include\opencv2\core\core.hpp">
      <Filter>Header Files</Filter>
    </ClInclude>
    <ClInclude Include="Dependencies\OpenCV\include\opencv2\core\core_c.h">
      <Filter>Header Files</Filter>
    </ClInclude>
    <ClInclude Include="Dependencies\OpenCV\include\opencv2\core\cuda.hpp">
      <Filter>Header Files</Filter>
    </ClInclude>
    <ClInclude Include="Dependencies\OpenCV\include\opencv2\core\cuda.inl.hpp">
      <Filter>Header Files</Filter>
    </ClInclude>
    <ClInclude Include="Dependencies\OpenCV\include\opencv2\core\cuda_stream_accessor.hpp">
      <Filter>Header Files</Filter>
    </ClInclude>
    <ClInclude Include="Dependencies\OpenCV\include\opencv2\core\cuda_types.hpp">
      <Filter>Header Files</Filter>
    </ClInclude>
    <ClInclude Include="Dependencies\OpenCV\include\opencv2\core\cv_cpu_dispatch.h">
      <Filter>Header Files</Filter>
    </ClInclude>
    <ClInclude Include="Dependencies\OpenCV\include\opencv2\core\cv_cpu_helper.h">
      <Filter>Header Files</Filter>
    </ClInclude>
    <ClInclude Include="Dependencies\OpenCV\include\opencv2\core\cvdef.h">
      <Filter>Header Files</Filter>
    </ClInclude>
    <ClInclude Include="Dependencies\OpenCV\include\opencv2\core\cvstd.hpp">
      <Filter>Header Files</Filter>
    </ClInclude>
    <ClInclude Include="Dependencies\OpenCV\include\opencv2\core\cvstd.inl.hpp">
      <Filter>Header Files</Filter>
    </ClInclude>
    <ClInclude Include="Dependencies\OpenCV\include\opencv2\core\cvstd_wrapper.hpp">
      <Filter>Header Files</Filter>
    </ClInclude>
    <ClInclude Include="Dependencies\OpenCV\include\opencv2\core\directx.hpp">
      <Filter>Header Files</Filter>
    </ClInclude>
    <ClInclude Include="Dependencies\OpenCV\include\opencv2\core\dualquaternion.hpp">
      <Filter>Header Files</Filter>
    </ClInclude>
    <ClInclude Include="Dependencies\OpenCV\include\opencv2\core\dualquaternion.inl.hpp">
      <Filter>Header Files</Filter>
    </ClInclude>
    <ClInclude Include="Dependencies\OpenCV\include\opencv2\core\eigen.hpp">
      <Filter>Header Files</Filter>
    </ClInclude>
    <ClInclude Include="Dependencies\OpenCV\include\opencv2\core\fast_math.hpp">
      <Filter>Header Files</Filter>
    </ClInclude>
    <ClInclude Include="Dependencies\OpenCV\include\opencv2\core\mat.hpp">
      <Filter>Header Files</Filter>
    </ClInclude>
    <ClInclude Include="Dependencies\OpenCV\include\opencv2\core\mat.inl.hpp">
      <Filter>Header Files</Filter>
    </ClInclude>
    <ClInclude Include="Dependencies\OpenCV\include\opencv2\core\matx.hpp">
      <Filter>Header Files</Filter>
    </ClInclude>
    <ClInclude Include="Dependencies\OpenCV\include\opencv2\core\neon_utils.hpp">
      <Filter>Header Files</Filter>
    </ClInclude>
    <ClInclude Include="Dependencies\OpenCV\include\opencv2\core\ocl.hpp">
      <Filter>Header Files</Filter>
    </ClInclude>
    <ClInclude Include="Dependencies\OpenCV\include\opencv2\core\ocl_genbase.hpp">
      <Filter>Header Files</Filter>
    </ClInclude>
    <ClInclude Include="Dependencies\OpenCV\include\opencv2\core\opengl.hpp">
      <Filter>Header Files</Filter>
    </ClInclude>
    <ClInclude Include="Dependencies\OpenCV\include\opencv2\core\operations.hpp">
      <Filter>Header Files</Filter>
    </ClInclude>
    <ClInclude Include="Dependencies\OpenCV\include\opencv2\core\optim.hpp">
      <Filter>Header Files</Filter>
    </ClInclude>
    <ClInclude Include="Dependencies\OpenCV\include\opencv2\core\ovx.hpp">
      <Filter>Header Files</Filter>
    </ClInclude>
    <ClInclude Include="Dependencies\OpenCV\include\opencv2\core\persistence.hpp">
      <Filter>Header Files</Filter>
    </ClInclude>
    <ClInclude Include="Dependencies\OpenCV\include\opencv2\core\quaternion.hpp">
      <Filter>Header Files</Filter>
    </ClInclude>
    <ClInclude Include="Dependencies\OpenCV\include\opencv2\core\quaternion.inl.hpp">
      <Filter>Header Files</Filter>
    </ClInclude>
    <ClInclude Include="Dependencies\OpenCV\include\opencv2\core\saturate.hpp">
      <Filter>Header Files</Filter>
    </ClInclude>
    <ClInclude Include="Dependencies\OpenCV\include\opencv2\core\simd_intrinsics.hpp">
      <Filter>Header Files</Filter>
    </ClInclude>
    <ClInclude Include="Dependencies\OpenCV\include\opencv2\core\softfloat.hpp">
      <Filter>Header Files</Filter>
    </ClInclude>
    <ClInclude Include="Dependencies\OpenCV\include\opencv2\core\sse_utils.hpp">
      <Filter>Header Files</Filter>
    </ClInclude>
    <ClInclude Include="Dependencies\OpenCV\include\opencv2\core\traits.hpp">
      <Filter>Header Files</Filter>
    </ClInclude>
    <ClInclude Include="Dependencies\OpenCV\include\opencv2\core\types.hpp">
      <Filter>Header Files</Filter>
    </ClInclude>
    <ClInclude Include="Dependencies\OpenCV\include\opencv2\core\types_c.h">
      <Filter>Header Files</Filter>
    </ClInclude>
    <ClInclude Include="Dependencies\OpenCV\include\opencv2\core\utility.hpp">
      <Filter>Header Files</Filter>
    </ClInclude>
    <ClInclude Include="Dependencies\OpenCV\include\opencv2\core\va_intel.hpp">
      <Filter>Header Files</Filter>
    </ClInclude>
    <ClInclude Include="Dependencies\OpenCV\include\opencv2\core\version.hpp">
      <Filter>Header Files</Filter>
    </ClInclude>
    <ClInclude Include="Dependencies\OpenCV\include\opencv2\core\vsx_utils.hpp">
      <Filter>Header Files</Filter>
    </ClInclude>
    <ClInclude Include="Dependencies\OpenCV\include\opencv2\dnn\utils\debug_utils.hpp">
      <Filter>Header Files</Filter>
    </ClInclude>
    <ClInclude Include="Dependencies\OpenCV\include\opencv2\dnn\utils\inference_engine.hpp">
      <Filter>Header Files</Filter>
    </ClInclude>
    <ClInclude Include="Dependencies\OpenCV\include\opencv2\dnn\all_layers.hpp">
      <Filter>Header Files</Filter>
    </ClInclude>
    <ClInclude Include="Dependencies\OpenCV\include\opencv2\dnn\dict.hpp">
      <Filter>Header Files</Filter>
    </ClInclude>
    <ClInclude Include="Dependencies\OpenCV\include\opencv2\dnn\dnn.hpp">
      <Filter>Header Files</Filter>
    </ClInclude>
    <ClInclude Include="Dependencies\OpenCV\include\opencv2\dnn\dnn.inl.hpp">
      <Filter>Header Files</Filter>
    </ClInclude>
    <ClInclude Include="Dependencies\OpenCV\include\opencv2\dnn\layer.details.hpp">
      <Filter>Header Files</Filter>
    </ClInclude>
    <ClInclude Include="Dependencies\OpenCV\include\opencv2\dnn\layer.hpp">
      <Filter>Header Files</Filter>
    </ClInclude>
    <ClInclude Include="Dependencies\OpenCV\include\opencv2\dnn\shape_utils.hpp">
      <Filter>Header Files</Filter>
    </ClInclude>
    <ClInclude Include="Dependencies\OpenCV\include\opencv2\dnn\version.hpp">
      <Filter>Header Files</Filter>
    </ClInclude>
    <ClInclude Include="Dependencies\OpenCV\include\opencv2\features2d\hal\interface.h">
      <Filter>Header Files</Filter>
    </ClInclude>
    <ClInclude Include="Dependencies\OpenCV\include\opencv2\features2d\features2d.hpp">
      <Filter>Header Files</Filter>
    </ClInclude>
    <ClInclude Include="Dependencies\OpenCV\include\opencv2\flann\all_indices.h">
      <Filter>Header Files</Filter>
    </ClInclude>
    <ClInclude Include="Dependencies\OpenCV\include\opencv2\flann\allocator.h">
      <Filter>Header Files</Filter>
    </ClInclude>
    <ClInclude Include="Dependencies\OpenCV\include\opencv2\flann\any.h">
      <Filter>Header Files</Filter>
    </ClInclude>
    <ClInclude Include="Dependencies\OpenCV\include\opencv2\flann\autotuned_index.h">
      <Filter>Header Files</Filter>
    </ClInclude>
    <ClInclude Include="Dependencies\OpenCV\include\opencv2\flann\composite_index.h">
      <Filter>Header Files</Filter>
    </ClInclude>
    <ClInclude Include="Dependencies\OpenCV\include\opencv2\flann\config.h">
      <Filter>Header Files</Filter>
    </ClInclude>
    <ClInclude Include="Dependencies\OpenCV\include\opencv2\flann\defines.h">
      <Filter>Header Files</Filter>
    </ClInclude>
    <ClInclude Include="Dependencies\OpenCV\include\opencv2\flann\dist.h">
      <Filter>Header Files</Filter>
    </ClInclude>
    <ClInclude Include="Dependencies\OpenCV\include\opencv2\flann\dummy.h">
      <Filter>Header Files</Filter>
    </ClInclude>
    <ClInclude Include="Dependencies\OpenCV\include\opencv2\flann\dynamic_bitset.h">
      <Filter>Header Files</Filter>
    </ClInclude>
    <ClInclude Include="Dependencies\OpenCV\include\opencv2\flann\flann.hpp">
      <Filter>Header Files</Filter>
    </ClInclude>
    <ClInclude Include="Dependencies\OpenCV\include\opencv2\flann\flann_base.hpp">
      <Filter>Header Files</Filter>
    </ClInclude>
    <ClInclude Include="Dependencies\OpenCV\include\opencv2\flann\general.h">
      <Filter>Header Files</Filter>
    </ClInclude>
    <ClInclude Include="Dependencies\OpenCV\include\opencv2\flann\ground_truth.h">
      <Filter>Header Files</Filter>
    </ClInclude>
    <ClInclude Include="Dependencies\OpenCV\include\opencv2\flann\hdf5.h">
      <Filter>Header Files</Filter>
    </ClInclude>
    <ClInclude Include="Dependencies\OpenCV\include\opencv2\flann\heap.h">
      <Filter>Header Files</Filter>
    </ClInclude>
    <ClInclude Include="Dependencies\OpenCV\include\opencv2\flann\hierarchical_clustering_index.h">
      <Filter>Header Files</Filter>
    </ClInclude>
    <ClInclude Include="Dependencies\OpenCV\include\opencv2\flann\index_testing.h">
      <Filter>Header Files</Filter>
    </ClInclude>
    <ClInclude Include="Dependencies\OpenCV\include\opencv2\flann\kdtree_index.h">
      <Filter>Header Files</Filter>
    </ClInclude>
    <ClInclude Include="Dependencies\OpenCV\include\opencv2\flann\kdtree_single_index.h">
      <Filter>Header Files</Filter>
    </ClInclude>
    <ClInclude Include="Dependencies\OpenCV\include\opencv2\flann\kmeans_index.h">
      <Filter>Header Files</Filter>
    </ClInclude>
    <ClInclude Include="Dependencies\OpenCV\include\opencv2\flann\linear_index.h">
      <Filter>Header Files</Filter>
    </ClInclude>
    <ClInclude Include="Dependencies\OpenCV\include\opencv2\flann\logger.h">
      <Filter>Header Files</Filter>
    </ClInclude>
    <ClInclude Include="Dependencies\OpenCV\include\opencv2\flann\lsh_index.h">
      <Filter>Header Files</Filter>
    </ClInclude>
    <ClInclude Include="Dependencies\OpenCV\include\opencv2\flann\lsh_table.h">
      <Filter>Header Files</Filter>
    </ClInclude>
    <ClInclude Include="Dependencies\OpenCV\include\opencv2\flann\matrix.h">
      <Filter>Header Files</Filter>
    </ClInclude>
    <ClInclude Include="Dependencies\OpenCV\include\opencv2\flann\miniflann.hpp">
      <Filter>Header Files</Filter>
    </ClInclude>
    <ClInclude Include="Dependencies\OpenCV\include\opencv2\flann\nn_index.h">
      <Filter>Header Files</Filter>
    </ClInclude>
    <ClInclude Include="Dependencies\OpenCV\include\opencv2\flann\object_factory.h">
      <Filter>Header Files</Filter>
    </ClInclude>
    <ClInclude Include="Dependencies\OpenCV\include\opencv2\flann\params.h">
      <Filter>Header Files</Filter>
    </ClInclude>
    <ClInclude Include="Dependencies\OpenCV\include\opencv2\flann\random.h">
      <Filter>Header Files</Filter>
    </ClInclude>
    <ClInclude Include="Dependencies\OpenCV\include\opencv2\flann\result_set.h">
      <Filter>Header Files</Filter>
    </ClInclude>
    <ClInclude Include="Dependencies\OpenCV\include\opencv2\flann\sampling.h">
      <Filter>Header Files</Filter>
    </ClInclude>
    <ClInclude Include="Dependencies\OpenCV\include\opencv2\flann\saving.h">
      <Filter>Header Files</Filter>
    </ClInclude>
    <ClInclude Include="Dependencies\OpenCV\include\opencv2\flann\simplex_downhill.h">
      <Filter>Header Files</Filter>
    </ClInclude>
    <ClInclude Include="Dependencies\OpenCV\include\opencv2\flann\timer.h">
      <Filter>Header Files</Filter>
    </ClInclude>
    <ClInclude Include="Dependencies\OpenCV\include\opencv2\gapi\cpu\core.hpp">
      <Filter>Header Files</Filter>
    </ClInclude>
    <ClInclude Include="Dependencies\OpenCV\include\opencv2\gapi\cpu\gcpukernel.hpp">
      <Filter>Header Files</Filter>
    </ClInclude>
    <ClInclude Include="Dependencies\OpenCV\include\opencv2\gapi\cpu\imgproc.hpp">
      <Filter>Header Files</Filter>
    </ClInclude>
    <ClInclude Include="Dependencies\OpenCV\include\opencv2\gapi\cpu\stereo.hpp">
      <Filter>Header Files</Filter>
    </ClInclude>
    <ClInclude Include="Dependencies\OpenCV\include\opencv2\gapi\cpu\video.hpp">
      <Filter>Header Files</Filter>
    </ClInclude>
    <ClInclude Include="Dependencies\OpenCV\include\opencv2\gapi\fluid\core.hpp">
      <Filter>Header Files</Filter>
    </ClInclude>
    <ClInclude Include="Dependencies\OpenCV\include\opencv2\gapi\fluid\gfluidbuffer.hpp">
      <Filter>Header Files</Filter>
    </ClInclude>
    <ClInclude Include="Dependencies\OpenCV\include\opencv2\gapi\fluid\gfluidkernel.hpp">
      <Filter>Header Files</Filter>
    </ClInclude>
    <ClInclude Include="Dependencies\OpenCV\include\opencv2\gapi\fluid\imgproc.hpp">
      <Filter>Header Files</Filter>
    </ClInclude>
    <ClInclude Include="Dependencies\OpenCV\include\opencv2\gapi\gpu\core.hpp">
      <Filter>Header Files</Filter>
    </ClInclude>
    <ClInclude Include="Dependencies\OpenCV\include\opencv2\gapi\gpu\ggpukernel.hpp">
      <Filter>Header Files</Filter>
    </ClInclude>
    <ClInclude Include="Dependencies\OpenCV\include\opencv2\gapi\gpu\imgproc.hpp">
      <Filter>Header Files</Filter>
    </ClInclude>
    <ClInclude Include="Dependencies\OpenCV\include\opencv2\gapi\infer\bindings_ie.hpp">
      <Filter>Header Files</Filter>
    </ClInclude>
    <ClInclude Include="Dependencies\OpenCV\include\opencv2\gapi\infer\ie.hpp">
      <Filter>Header Files</Filter>
    </ClInclude>
    <ClInclude Include="Dependencies\OpenCV\include\opencv2\gapi\infer\onnx.hpp">
      <Filter>Header Files</Filter>
    </ClInclude>
    <ClInclude Include="Dependencies\OpenCV\include\opencv2\gapi\infer\parsers.hpp">
      <Filter>Header Files</Filter>
    </ClInclude>
    <ClInclude Include="Dependencies\OpenCV\include\opencv2\gapi\oak\infer.hpp">
      <Filter>Header Files</Filter>
    </ClInclude>
    <ClInclude Include="Dependencies\OpenCV\include\opencv2\gapi\oak\oak.hpp">
      <Filter>Header Files</Filter>
    </ClInclude>
    <ClInclude Include="Dependencies\OpenCV\include\opencv2\gapi\ocl\core.hpp">
      <Filter>Header Files</Filter>
    </ClInclude>
    <ClInclude Include="Dependencies\OpenCV\include\opencv2\gapi\ocl\goclkernel.hpp">
      <Filter>Header Files</Filter>
    </ClInclude>
    <ClInclude Include="Dependencies\OpenCV\include\opencv2\gapi\ocl\imgproc.hpp">
      <Filter>Header Files</Filter>
    </ClInclude>
    <ClInclude Include="Dependencies\OpenCV\include\opencv2\gapi\own\assert.hpp">
      <Filter>Header Files</Filter>
    </ClInclude>
    <ClInclude Include="Dependencies\OpenCV\include\opencv2\gapi\own\convert.hpp">
      <Filter>Header Files</Filter>
    </ClInclude>
    <ClInclude Include="Dependencies\OpenCV\include\opencv2\gapi\own\cvdefs.hpp">
      <Filter>Header Files</Filter>
    </ClInclude>
    <ClInclude Include="Dependencies\OpenCV\include\opencv2\gapi\own\exports.hpp">
      <Filter>Header Files</Filter>
    </ClInclude>
    <ClInclude Include="Dependencies\OpenCV\include\opencv2\gapi\own\mat.hpp">
      <Filter>Header Files</Filter>
    </ClInclude>
    <ClInclude Include="Dependencies\OpenCV\include\opencv2\gapi\own\saturate.hpp">
      <Filter>Header Files</Filter>
    </ClInclude>
    <ClInclude Include="Dependencies\OpenCV\include\opencv2\gapi\own\scalar.hpp">
      <Filter>Header Files</Filter>
    </ClInclude>
    <ClInclude Include="Dependencies\OpenCV\include\opencv2\gapi\own\types.hpp">
      <Filter>Header Files</Filter>
    </ClInclude>
    <ClInclude Include="Dependencies\OpenCV\include\opencv2\gapi\plaidml\core.hpp">
      <Filter>Header Files</Filter>
    </ClInclude>
    <ClInclude Include="Dependencies\OpenCV\include\opencv2\gapi\plaidml\gplaidmlkernel.hpp">
      <Filter>Header Files</Filter>
    </ClInclude>
    <ClInclude Include="Dependencies\OpenCV\include\opencv2\gapi\plaidml\plaidml.hpp">
      <Filter>Header Files</Filter>
    </ClInclude>
    <ClInclude Include="Dependencies\OpenCV\include\opencv2\gapi\python\python.hpp">
      <Filter>Header Files</Filter>
    </ClInclude>
    <ClInclude Include="Dependencies\OpenCV\include\opencv2\gapi\render\render.hpp">
      <Filter>Header Files</Filter>
    </ClInclude>
    <ClInclude Include="Dependencies\OpenCV\include\opencv2\gapi\render\render_types.hpp">
      <Filter>Header Files</Filter>
    </ClInclude>
    <ClInclude Include="Dependencies\OpenCV\include\opencv2\gapi\s11n\base.hpp">
      <Filter>Header Files</Filter>
    </ClInclude>
    <ClInclude Include="Dependencies\OpenCV\include\opencv2\gapi\streaming\gstreamer\gstreamerpipeline.hpp">
      <Filter>Header Files</Filter>
    </ClInclude>
    <ClInclude Include="Dependencies\OpenCV\include\opencv2\gapi\streaming\gstreamer\gstreamersource.hpp">
      <Filter>Header Files</Filter>
    </ClInclude>
    <ClInclude Include="Dependencies\OpenCV\include\opencv2\gapi\streaming\onevpl\accel_types.hpp">
      <Filter>Header Files</Filter>
    </ClInclude>
    <ClInclude Include="Dependencies\OpenCV\include\opencv2\gapi\streaming\onevpl\cfg_params.hpp">
      <Filter>Header Files</Filter>
    </ClInclude>
    <ClInclude Include="Dependencies\OpenCV\include\opencv2\gapi\streaming\onevpl\data_provider_interface.hpp">
      <Filter>Header Files</Filter>
    </ClInclude>
    <ClInclude Include="Dependencies\OpenCV\include\opencv2\gapi\streaming\onevpl\device_selector_interface.hpp">
      <Filter>Header Files</Filter>
    </ClInclude>
    <ClInclude Include="Dependencies\OpenCV\include\opencv2\gapi\streaming\onevpl\source.hpp">
      <Filter>Header Files</Filter>
    </ClInclude>
    <ClInclude Include="Dependencies\OpenCV\include\opencv2\gapi\streaming\cap.hpp">
      <Filter>Header Files</Filter>
    </ClInclude>
    <ClInclude Include="Dependencies\OpenCV\include\opencv2\gapi\streaming\desync.hpp">
      <Filter>Header Files</Filter>
    </ClInclude>
    <ClInclude Include="Dependencies\OpenCV\include\opencv2\gapi\streaming\format.hpp">
      <Filter>Header Files</Filter>
    </ClInclude>
    <ClInclude Include="Dependencies\OpenCV\include\opencv2\gapi\streaming\meta.hpp">
      <Filter>Header Files</Filter>
    </ClInclude>
    <ClInclude Include="Dependencies\OpenCV\include\opencv2\gapi\streaming\source.hpp">
      <Filter>Header Files</Filter>
    </ClInclude>
    <ClInclude Include="Dependencies\OpenCV\include\opencv2\gapi\streaming\sync.hpp">
      <Filter>Header Files</Filter>
    </ClInclude>
    <ClInclude Include="Dependencies\OpenCV\include\opencv2\gapi\util\any.hpp">
      <Filter>Header Files</Filter>
    </ClInclude>
    <ClInclude Include="Dependencies\OpenCV\include\opencv2\gapi\util\compiler_hints.hpp">
      <Filter>Header Files</Filter>
    </ClInclude>
    <ClInclude Include="Dependencies\OpenCV\include\opencv2\gapi\util\copy_through_move.hpp">
      <Filter>Header Files</Filter>
    </ClInclude>
    <ClInclude Include="Dependencies\OpenCV\include\opencv2\gapi\util\optional.hpp">
      <Filter>Header Files</Filter>
    </ClInclude>
    <ClInclude Include="Dependencies\OpenCV\include\opencv2\gapi\util\throw.hpp">
      <Filter>Header Files</Filter>
    </ClInclude>
    <ClInclude Include="Dependencies\OpenCV\include\opencv2\gapi\util\type_traits.hpp">
      <Filter>Header Files</Filter>
    </ClInclude>
    <ClInclude Include="Dependencies\OpenCV\include\opencv2\gapi\util\util.hpp">
      <Filter>Header Files</Filter>
    </ClInclude>
    <ClInclude Include="Dependencies\OpenCV\include\opencv2\gapi\util\variant.hpp">
      <Filter>Header Files</Filter>
    </ClInclude>
    <ClInclude Include="Dependencies\OpenCV\include\opencv2\gapi\core.hpp">
      <Filter>Header Files</Filter>
    </ClInclude>
    <ClInclude Include="Dependencies\OpenCV\include\opencv2\gapi\garg.hpp">
      <Filter>Header Files</Filter>
    </ClInclude>
    <ClInclude Include="Dependencies\OpenCV\include\opencv2\gapi\garray.hpp">
      <Filter>Header Files</Filter>
    </ClInclude>
    <ClInclude Include="Dependencies\OpenCV\include\opencv2\gapi\gasync_context.hpp">
      <Filter>Header Files</Filter>
    </ClInclude>
    <ClInclude Include="Dependencies\OpenCV\include\opencv2\gapi\gcall.hpp">
      <Filter>Header Files</Filter>
    </ClInclude>
    <ClInclude Include="Dependencies\OpenCV\include\opencv2\gapi\gcommon.hpp">
      <Filter>Header Files</Filter>
    </ClInclude>
    <ClInclude Include="Dependencies\OpenCV\include\opencv2\gapi\gcompiled.hpp">
      <Filter>Header Files</Filter>
    </ClInclude>
    <ClInclude Include="Dependencies\OpenCV\include\opencv2\gapi\gcompiled_async.hpp">
      <Filter>Header Files</Filter>
    </ClInclude>
    <ClInclude Include="Dependencies\OpenCV\include\opencv2\gapi\gcompoundkernel.hpp">
      <Filter>Header Files</Filter>
    </ClInclude>
    <ClInclude Include="Dependencies\OpenCV\include\opencv2\gapi\gcomputation.hpp">
      <Filter>Header Files</Filter>
    </ClInclude>
    <ClInclude Include="Dependencies\OpenCV\include\opencv2\gapi\gcomputation_async.hpp">
      <Filter>Header Files</Filter>
    </ClInclude>
    <ClInclude Include="Dependencies\OpenCV\include\opencv2\gapi\gframe.hpp">
      <Filter>Header Files</Filter>
    </ClInclude>
    <ClInclude Include="Dependencies\OpenCV\include\opencv2\gapi\gkernel.hpp">
      <Filter>Header Files</Filter>
    </ClInclude>
    <ClInclude Include="Dependencies\OpenCV\include\opencv2\gapi\gmat.hpp">
      <Filter>Header Files</Filter>
    </ClInclude>
    <ClInclude Include="Dependencies\OpenCV\include\opencv2\gapi\gmetaarg.hpp">
      <Filter>Header Files</Filter>
    </ClInclude>
    <ClInclude Include="Dependencies\OpenCV\include\opencv2\gapi\gopaque.hpp">
      <Filter>Header Files</Filter>
    </ClInclude>
    <ClInclude Include="Dependencies\OpenCV\include\opencv2\gapi\gproto.hpp">
      <Filter>Header Files</Filter>
    </ClInclude>
    <ClInclude Include="Dependencies\OpenCV\include\opencv2\gapi\gscalar.hpp">
      <Filter>Header Files</Filter>
    </ClInclude>
    <ClInclude Include="Dependencies\OpenCV\include\opencv2\gapi\gstreaming.hpp">
      <Filter>Header Files</Filter>
    </ClInclude>
    <ClInclude Include="Dependencies\OpenCV\include\opencv2\gapi\gtransform.hpp">
      <Filter>Header Files</Filter>
    </ClInclude>
    <ClInclude Include="Dependencies\OpenCV\include\opencv2\gapi\gtype_traits.hpp">
      <Filter>Header Files</Filter>
    </ClInclude>
    <ClInclude Include="Dependencies\OpenCV\include\opencv2\gapi\gtyped.hpp">
      <Filter>Header Files</Filter>
    </ClInclude>
    <ClInclude Include="Dependencies\OpenCV\include\opencv2\gapi\imgproc.hpp">
      <Filter>Header Files</Filter>
    </ClInclude>
    <ClInclude Include="Dependencies\OpenCV\include\opencv2\gapi\infer.hpp">
      <Filter>Header Files</Filter>
    </ClInclude>
    <ClInclude Include="Dependencies\OpenCV\include\opencv2\gapi\media.hpp">
      <Filter>Header Files</Filter>
    </ClInclude>
    <ClInclude Include="Dependencies\OpenCV\include\opencv2\gapi\opencv_includes.hpp">
      <Filter>Header Files</Filter>
    </ClInclude>
    <ClInclude Include="Dependencies\OpenCV\include\opencv2\gapi\operators.hpp">
      <Filter>Header Files</Filter>
    </ClInclude>
    <ClInclude Include="Dependencies\OpenCV\include\opencv2\gapi\render.hpp">
      <Filter>Header Files</Filter>
    </ClInclude>
    <ClInclude Include="Dependencies\OpenCV\include\opencv2\gapi\rmat.hpp">
      <Filter>Header Files</Filter>
    </ClInclude>
    <ClInclude Include="Dependencies\OpenCV\include\opencv2\gapi\s11n.hpp">
      <Filter>Header Files</Filter>
    </ClInclude>
    <ClInclude Include="Dependencies\OpenCV\include\opencv2\gapi\stereo.hpp">
      <Filter>Header Files</Filter>
    </ClInclude>
    <ClInclude Include="Dependencies\OpenCV\include\opencv2\gapi\video.hpp">
      <Filter>Header Files</Filter>
    </ClInclude>
    <ClInclude Include="Dependencies\OpenCV\include\opencv2\highgui\highgui.hpp">
      <Filter>Header Files</Filter>
    </ClInclude>
    <ClInclude Include="Dependencies\OpenCV\include\opencv2\highgui\highgui_c.h">
      <Filter>Header Files</Filter>
    </ClInclude>
    <ClInclude Include="Dependencies\OpenCV\include\opencv2\imgcodecs\legacy\constants_c.h">
      <Filter>Header Files</Filter>
    </ClInclude>
    <ClInclude Include="Dependencies\OpenCV\include\opencv2\imgcodecs\imgcodecs.hpp">
      <Filter>Header Files</Filter>
    </ClInclude>
    <ClInclude Include="Dependencies\OpenCV\include\opencv2\imgcodecs\imgcodecs_c.h">
      <Filter>Header Files</Filter>
    </ClInclude>
    <ClInclude Include="Dependencies\OpenCV\include\opencv2\imgcodecs\ios.h">
      <Filter>Header Files</Filter>
    </ClInclude>
    <ClInclude Include="Dependencies\OpenCV\include\opencv2\imgcodecs\macosx.h">
      <Filter>Header Files</Filter>
    </ClInclude>
    <ClInclude Include="Dependencies\OpenCV\include\opencv2\imgproc\detail\gcgraph.hpp">
      <Filter>Header Files</Filter>
    </ClInclude>
    <ClInclude Include="Dependencies\OpenCV\include\opencv2\imgproc\hal\hal.hpp">
      <Filter>Header Files</Filter>
    </ClInclude>
    <ClInclude Include="Dependencies\OpenCV\include\opencv2\imgproc\hal\interface.h">
      <Filter>Header Files</Filter>
    </ClInclude>
    <ClInclude Include="Dependencies\OpenCV\include\opencv2\imgproc\bindings.hpp">
      <Filter>Header Files</Filter>
    </ClInclude>
    <ClInclude Include="Dependencies\OpenCV\include\opencv2\imgproc\imgproc.hpp">
      <Filter>Header Files</Filter>
    </ClInclude>
    <ClInclude Include="Dependencies\OpenCV\include\opencv2\imgproc\imgproc_c.h">
      <Filter>Header Files</Filter>
    </ClInclude>
    <ClInclude Include="Dependencies\OpenCV\include\opencv2\imgproc\segmentation.hpp">
      <Filter>Header Files</Filter>
    </ClInclude>
    <ClInclude Include="Dependencies\OpenCV\include\opencv2\imgproc\types_c.h">
      <Filter>Header Files</Filter>
    </ClInclude>
    <ClInclude Include="Dependencies\OpenCV\include\opencv2\ml\ml.hpp">
      <Filter>Header Files</Filter>
    </ClInclude>
    <ClInclude Include="Dependencies\OpenCV\include\opencv2\ml\ml.inl.hpp">
      <Filter>Header Files</Filter>
    </ClInclude>
    <ClInclude Include="Dependencies\OpenCV\include\opencv2\objdetect\detection_based_tracker.hpp">
      <Filter>Header Files</Filter>
    </ClInclude>
    <ClInclude Include="Dependencies\OpenCV\include\opencv2\objdetect\face.hpp">
      <Filter>Header Files</Filter>
    </ClInclude>
    <ClInclude Include="Dependencies\OpenCV\include\opencv2\objdetect\objdetect.hpp">
      <Filter>Header Files</Filter>
    </ClInclude>
    <ClInclude Include="Dependencies\OpenCV\include\opencv2\photo\legacy\constants_c.h">
      <Filter>Header Files</Filter>
    </ClInclude>
    <ClInclude Include="Dependencies\OpenCV\include\opencv2\photo\cuda.hpp">
      <Filter>Header Files</Filter>
    </ClInclude>
    <ClInclude Include="Dependencies\OpenCV\include\opencv2\photo\photo.hpp">
      <Filter>Header Files</Filter>
    </ClInclude>
    <ClInclude Include="Dependencies\OpenCV\include\opencv2\stitching\detail\autocalib.hpp">
      <Filter>Header Files</Filter>
    </ClInclude>
    <ClInclude Include="Dependencies\OpenCV\include\opencv2\stitching\detail\blenders.hpp">
      <Filter>Header Files</Filter>
    </ClInclude>
    <ClInclude Include="Dependencies\OpenCV\include\opencv2\stitching\detail\camera.hpp">
      <Filter>Header Files</Filter>
    </ClInclude>
    <ClInclude Include="Dependencies\OpenCV\include\opencv2\stitching\detail\exposure_compensate.hpp">
      <Filter>Header Files</Filter>
    </ClInclude>
    <ClInclude Include="Dependencies\OpenCV\include\opencv2\stitching\detail\matchers.hpp">
      <Filter>Header Files</Filter>
    </ClInclude>
    <ClInclude Include="Dependencies\OpenCV\include\opencv2\stitching\detail\motion_estimators.hpp">
      <Filter>Header Files</Filter>
    </ClInclude>
    <ClInclude Include="Dependencies\OpenCV\include\opencv2\stitching\detail\seam_finders.hpp">
      <Filter>Header Files</Filter>
    </ClInclude>
    <ClInclude Include="Dependencies\OpenCV\include\opencv2\stitching\detail\timelapsers.hpp">
      <Filter>Header Files</Filter>
    </ClInclude>
    <ClInclude Include="Dependencies\OpenCV\include\opencv2\stitching\detail\util.hpp">
      <Filter>Header Files</Filter>
    </ClInclude>
    <ClInclude Include="Dependencies\OpenCV\include\opencv2\stitching\detail\util_inl.hpp">
      <Filter>Header Files</Filter>
    </ClInclude>
    <ClInclude Include="Dependencies\OpenCV\include\opencv2\stitching\detail\warpers.hpp">
      <Filter>Header Files</Filter>
    </ClInclude>
    <ClInclude Include="Dependencies\OpenCV\include\opencv2\stitching\detail\warpers_inl.hpp">
      <Filter>Header Files</Filter>
    </ClInclude>
    <ClInclude Include="Dependencies\OpenCV\include\opencv2\stitching\warpers.hpp">
      <Filter>Header Files</Filter>
    </ClInclude>
    <ClInclude Include="Dependencies\OpenCV\include\opencv2\video\detail\tracking.detail.hpp">
      <Filter>Header Files</Filter>
    </ClInclude>
    <ClInclude Include="Dependencies\OpenCV\include\opencv2\video\legacy\constants_c.h">
      <Filter>Header Files</Filter>
    </ClInclude>
    <ClInclude Include="Dependencies\OpenCV\include\opencv2\video\background_segm.hpp">
      <Filter>Header Files</Filter>
    </ClInclude>
    <ClInclude Include="Dependencies\OpenCV\include\opencv2\video\tracking.hpp">
      <Filter>Header Files</Filter>
    </ClInclude>
    <ClInclude Include="Dependencies\OpenCV\include\opencv2\video\video.hpp">
      <Filter>Header Files</Filter>
    </ClInclude>
    <ClInclude Include="Dependencies\OpenCV\include\opencv2\videoio\legacy\constants_c.h">
      <Filter>Header Files</Filter>
    </ClInclude>
    <ClInclude Include="Dependencies\OpenCV\include\opencv2\videoio\cap_ios.h">
      <Filter>Header Files</Filter>
    </ClInclude>
    <ClInclude Include="Dependencies\OpenCV\include\opencv2\videoio\registry.hpp">
      <Filter>Header Files</Filter>
    </ClInclude>
    <ClInclude Include="Dependencies\OpenCV\include\opencv2\videoio\videoio.hpp">
      <Filter>Header Files</Filter>
    </ClInclude>
    <ClInclude Include="Dependencies\OpenCV\include\opencv2\videoio\videoio_c.h">
      <Filter>Header Files</Filter>
    </ClInclude>
    <ClInclude Include="Dependencies\OpenCV\include\opencv2\calib3d.hpp">
      <Filter>Header Files</Filter>
    </ClInclude>
    <ClInclude Include="Dependencies\OpenCV\include\opencv2\core.hpp">
      <Filter>Header Files</Filter>
    </ClInclude>
    <ClInclude Include="Dependencies\OpenCV\include\opencv2\cvconfig.h">
      <Filter>Header Files</Filter>
    </ClInclude>
    <ClInclude Include="Dependencies\OpenCV\include\opencv2\dnn.hpp">
      <Filter>Header Files</Filter>
    </ClInclude>
    <ClInclude Include="Dependencies\OpenCV\include\opencv2\features2d.hpp">
      <Filter>Header Files</Filter>
    </ClInclude>
    <ClInclude Include="Dependencies\OpenCV\include\opencv2\flann.hpp">
      <Filter>Header Files</Filter>
    </ClInclude>
    <ClInclude Include="Dependencies\OpenCV\include\opencv2\gapi.hpp">
      <Filter>Header Files</Filter>
    </ClInclude>
    <ClInclude Include="Dependencies\OpenCV\include\opencv2\highgui.hpp">
      <Filter>Header Files</Filter>
    </ClInclude>
    <ClInclude Include="Dependencies\OpenCV\include\opencv2\imgcodecs.hpp">
      <Filter>Header Files</Filter>
    </ClInclude>
    <ClInclude Include="Dependencies\OpenCV\include\opencv2\imgproc.hpp">
      <Filter>Header Files</Filter>
    </ClInclude>
    <ClInclude Include="Dependencies\OpenCV\include\opencv2\ml.hpp">
      <Filter>Header Files</Filter>
    </ClInclude>
    <ClInclude Include="Dependencies\OpenCV\include\opencv2\objdetect.hpp">
      <Filter>Header Files</Filter>
    </ClInclude>
    <ClInclude Include="Dependencies\OpenCV\include\opencv2\opencv.hpp">
      <Filter>Header Files</Filter>
    </ClInclude>
    <ClInclude Include="Dependencies\OpenCV\include\opencv2\opencv_modules.hpp">
      <Filter>Header Files</Filter>
    </ClInclude>
    <ClInclude Include="Dependencies\OpenCV\include\opencv2\photo.hpp">
      <Filter>Header Files</Filter>
    </ClInclude>
    <ClInclude Include="Dependencies\OpenCV\include\opencv2\stitching.hpp">
      <Filter>Header Files</Filter>
    </ClInclude>
    <ClInclude Include="Dependencies\OpenCV\include\opencv2\video.hpp">
      <Filter>Header Files</Filter>
    </ClInclude>
    <ClInclude Include="Dependencies\OpenCV\include\opencv2\videoio.hpp">
      <Filter>Header Files</Filter>
    </ClInclude>
    <ClInclude Include="Dependencies\OpenCV\include\opencv2\world.hpp">
      <Filter>Header Files</Filter>
    </ClInclude>
    <ClInclude Include="Dependencies\ImGui\ImGuiAl\button\imguial_button.h">
      <Filter>Header Files</Filter>
    </ClInclude>
    <ClInclude Include="Dependencies\ImGui\ImGuiAl\msgbox\imguial_msgbox.h">
      <Filter>Header Files</Filter>
    </ClInclude>
    <ClInclude Include="Dependencies\ImGui\ImGuiAl\sparkline\imguial_sparkline.h">
      <Filter>Header Files</Filter>
    </ClInclude>
    <ClInclude Include="Dependencies\ImGui\ImGuiAl\term\imguial_term.h">
      <Filter>Header Files</Filter>
    </ClInclude>
    <ClInclude Include="Dependencies\ImGui\imgui_extension.h">
      <Filter>Header Files</Filter>
    </ClInclude>
    <ClInclude Include="Dependencies\spdlog\include\spdlog\cfg\argv.h">
      <Filter>Header Files</Filter>
    </ClInclude>
    <ClInclude Include="Dependencies\spdlog\include\spdlog\cfg\env.h">
      <Filter>Header Files</Filter>
    </ClInclude>
    <ClInclude Include="Dependencies\spdlog\include\spdlog\cfg\helpers.h">
      <Filter>Header Files</Filter>
    </ClInclude>
    <ClInclude Include="Dependencies\spdlog\include\spdlog\cfg\helpers-inl.h">
      <Filter>Header Files</Filter>
    </ClInclude>
    <ClInclude Include="Dependencies\spdlog\include\spdlog\details\backtracer.h">
      <Filter>Header Files</Filter>
    </ClInclude>
    <ClInclude Include="Dependencies\spdlog\include\spdlog\details\backtracer-inl.h">
      <Filter>Header Files</Filter>
    </ClInclude>
    <ClInclude Include="Dependencies\spdlog\include\spdlog\details\circular_q.h">
      <Filter>Header Files</Filter>
    </ClInclude>
    <ClInclude Include="Dependencies\spdlog\include\spdlog\details\console_globals.h">
      <Filter>Header Files</Filter>
    </ClInclude>
    <ClInclude Include="Dependencies\spdlog\include\spdlog\details\file_helper.h">
      <Filter>Header Files</Filter>
    </ClInclude>
    <ClInclude Include="Dependencies\spdlog\include\spdlog\details\file_helper-inl.h">
      <Filter>Header Files</Filter>
    </ClInclude>
    <ClInclude Include="Dependencies\spdlog\include\spdlog\details\fmt_helper.h">
      <Filter>Header Files</Filter>
    </ClInclude>
    <ClInclude Include="Dependencies\spdlog\include\spdlog\details\log_msg.h">
      <Filter>Header Files</Filter>
    </ClInclude>
    <ClInclude Include="Dependencies\spdlog\include\spdlog\details\log_msg_buffer.h">
      <Filter>Header Files</Filter>
    </ClInclude>
    <ClInclude Include="Dependencies\spdlog\include\spdlog\details\log_msg_buffer-inl.h">
      <Filter>Header Files</Filter>
    </ClInclude>
    <ClInclude Include="Dependencies\spdlog\include\spdlog\details\log_msg-inl.h">
      <Filter>Header Files</Filter>
    </ClInclude>
    <ClInclude Include="Dependencies\spdlog\include\spdlog\details\mpmc_blocking_q.h">
      <Filter>Header Files</Filter>
    </ClInclude>
    <ClInclude Include="Dependencies\spdlog\include\spdlog\details\null_mutex.h">
      <Filter>Header Files</Filter>
    </ClInclude>
    <ClInclude Include="Dependencies\spdlog\include\spdlog\details\os.h">
      <Filter>Header Files</Filter>
    </ClInclude>
    <ClInclude Include="Dependencies\spdlog\include\spdlog\details\os-inl.h">
      <Filter>Header Files</Filter>
    </ClInclude>
    <ClInclude Include="Dependencies\spdlog\include\spdlog\details\periodic_worker.h">
      <Filter>Header Files</Filter>
    </ClInclude>
    <ClInclude Include="Dependencies\spdlog\include\spdlog\details\periodic_worker-inl.h">
      <Filter>Header Files</Filter>
    </ClInclude>
    <ClInclude Include="Dependencies\spdlog\include\spdlog\details\registry.h">
      <Filter>Header Files</Filter>
    </ClInclude>
    <ClInclude Include="Dependencies\spdlog\include\spdlog\details\registry-inl.h">
      <Filter>Header Files</Filter>
    </ClInclude>
    <ClInclude Include="Dependencies\spdlog\include\spdlog\details\synchronous_factory.h">
      <Filter>Header Files</Filter>
    </ClInclude>
    <ClInclude Include="Dependencies\spdlog\include\spdlog\details\tcp_client.h">
      <Filter>Header Files</Filter>
    </ClInclude>
    <ClInclude Include="Dependencies\spdlog\include\spdlog\details\tcp_client-windows.h">
      <Filter>Header Files</Filter>
    </ClInclude>
    <ClInclude Include="Dependencies\spdlog\include\spdlog\details\thread_pool.h">
      <Filter>Header Files</Filter>
    </ClInclude>
    <ClInclude Include="Dependencies\spdlog\include\spdlog\details\thread_pool-inl.h">
      <Filter>Header Files</Filter>
    </ClInclude>
    <ClInclude Include="Dependencies\spdlog\include\spdlog\details\udp_client.h">
      <Filter>Header Files</Filter>
    </ClInclude>
    <ClInclude Include="Dependencies\spdlog\include\spdlog\details\udp_client-windows.h">
      <Filter>Header Files</Filter>
    </ClInclude>
    <ClInclude Include="Dependencies\spdlog\include\spdlog\details\windows_include.h">
      <Filter>Header Files</Filter>
    </ClInclude>
    <ClInclude Include="Dependencies\spdlog\include\spdlog\fmt\bundled\args.h">
      <Filter>Header Files</Filter>
    </ClInclude>
    <ClInclude Include="Dependencies\spdlog\include\spdlog\fmt\bundled\chrono.h">
      <Filter>Header Files</Filter>
    </ClInclude>
    <ClInclude Include="Dependencies\spdlog\include\spdlog\fmt\bundled\color.h">
      <Filter>Header Files</Filter>
    </ClInclude>
    <ClInclude Include="Dependencies\spdlog\include\spdlog\fmt\bundled\compile.h">
      <Filter>Header Files</Filter>
    </ClInclude>
    <ClInclude Include="Dependencies\spdlog\include\spdlog\fmt\bundled\core.h">
      <Filter>Header Files</Filter>
    </ClInclude>
    <ClInclude Include="Dependencies\spdlog\include\spdlog\fmt\bundled\format.h">
      <Filter>Header Files</Filter>
    </ClInclude>
    <ClInclude Include="Dependencies\spdlog\include\spdlog\fmt\bundled\format-inl.h">
      <Filter>Header Files</Filter>
    </ClInclude>
    <ClInclude Include="Dependencies\spdlog\include\spdlog\fmt\bundled\locale.h">
      <Filter>Header Files</Filter>
    </ClInclude>
    <ClInclude Include="Dependencies\spdlog\include\spdlog\fmt\bundled\os.h">
      <Filter>Header Files</Filter>
    </ClInclude>
    <ClInclude Include="Dependencies\spdlog\include\spdlog\fmt\bundled\ostream.h">
      <Filter>Header Files</Filter>
    </ClInclude>
    <ClInclude Include="Dependencies\spdlog\include\spdlog\fmt\bundled\printf.h">
      <Filter>Header Files</Filter>
    </ClInclude>
    <ClInclude Include="Dependencies\spdlog\include\spdlog\fmt\bundled\ranges.h">
      <Filter>Header Files</Filter>
    </ClInclude>
    <ClInclude Include="Dependencies\spdlog\include\spdlog\fmt\bundled\xchar.h">
      <Filter>Header Files</Filter>
    </ClInclude>
    <ClInclude Include="Dependencies\spdlog\include\spdlog\fmt\bin_to_hex.h">
      <Filter>Header Files</Filter>
    </ClInclude>
    <ClInclude Include="Dependencies\spdlog\include\spdlog\fmt\chrono.h">
      <Filter>Header Files</Filter>
    </ClInclude>
    <ClInclude Include="Dependencies\spdlog\include\spdlog\fmt\compile.h">
      <Filter>Header Files</Filter>
    </ClInclude>
    <ClInclude Include="Dependencies\spdlog\include\spdlog\fmt\fmt.h">
      <Filter>Header Files</Filter>
    </ClInclude>
    <ClInclude Include="Dependencies\spdlog\include\spdlog\fmt\ostr.h">
      <Filter>Header Files</Filter>
    </ClInclude>
    <ClInclude Include="Dependencies\spdlog\include\spdlog\fmt\ranges.h">
      <Filter>Header Files</Filter>
    </ClInclude>
    <ClInclude Include="Dependencies\spdlog\include\spdlog\fmt\xchar.h">
      <Filter>Header Files</Filter>
    </ClInclude>
    <ClInclude Include="Dependencies\spdlog\include\spdlog\sinks\android_sink.h">
      <Filter>Header Files</Filter>
    </ClInclude>
    <ClInclude Include="Dependencies\spdlog\include\spdlog\sinks\ansicolor_sink.h">
      <Filter>Header Files</Filter>
    </ClInclude>
    <ClInclude Include="Dependencies\spdlog\include\spdlog\sinks\ansicolor_sink-inl.h">
      <Filter>Header Files</Filter>
    </ClInclude>
    <ClInclude Include="Dependencies\spdlog\include\spdlog\sinks\base_sink.h">
      <Filter>Header Files</Filter>
    </ClInclude>
    <ClInclude Include="Dependencies\spdlog\include\spdlog\sinks\base_sink-inl.h">
      <Filter>Header Files</Filter>
    </ClInclude>
    <ClInclude Include="Dependencies\spdlog\include\spdlog\sinks\basic_file_sink.h">
      <Filter>Header Files</Filter>
    </ClInclude>
    <ClInclude Include="Dependencies\spdlog\include\spdlog\sinks\basic_file_sink-inl.h">
      <Filter>Header Files</Filter>
    </ClInclude>
    <ClInclude Include="Dependencies\spdlog\include\spdlog\sinks\daily_file_sink.h">
      <Filter>Header Files</Filter>
    </ClInclude>
    <ClInclude Include="Dependencies\spdlog\include\spdlog\sinks\dist_sink.h">
      <Filter>Header Files</Filter>
    </ClInclude>
    <ClInclude Include="Dependencies\spdlog\include\spdlog\sinks\dup_filter_sink.h">
      <Filter>Header Files</Filter>
    </ClInclude>
    <ClInclude Include="Dependencies\spdlog\include\spdlog\sinks\hourly_file_sink.h">
      <Filter>Header Files</Filter>
    </ClInclude>
    <ClInclude Include="Dependencies\spdlog\include\spdlog\sinks\mongo_sink.h">
      <Filter>Header Files</Filter>
    </ClInclude>
    <ClInclude Include="Dependencies\spdlog\include\spdlog\sinks\msvc_sink.h">
      <Filter>Header Files</Filter>
    </ClInclude>
    <ClInclude Include="Dependencies\spdlog\include\spdlog\sinks\null_sink.h">
      <Filter>Header Files</Filter>
    </ClInclude>
    <ClInclude Include="Dependencies\spdlog\include\spdlog\sinks\ostream_sink.h">
      <Filter>Header Files</Filter>
    </ClInclude>
    <ClInclude Include="Dependencies\spdlog\include\spdlog\sinks\qt_sinks.h">
      <Filter>Header Files</Filter>
    </ClInclude>
    <ClInclude Include="Dependencies\spdlog\include\spdlog\sinks\ringbuffer_sink.h">
      <Filter>Header Files</Filter>
    </ClInclude>
    <ClInclude Include="Dependencies\spdlog\include\spdlog\sinks\rotating_file_sink.h">
      <Filter>Header Files</Filter>
    </ClInclude>
    <ClInclude Include="Dependencies\spdlog\include\spdlog\sinks\rotating_file_sink-inl.h">
      <Filter>Header Files</Filter>
    </ClInclude>
    <ClInclude Include="Dependencies\spdlog\include\spdlog\sinks\sink.h">
      <Filter>Header Files</Filter>
    </ClInclude>
    <ClInclude Include="Dependencies\spdlog\include\spdlog\sinks\sink-inl.h">
      <Filter>Header Files</Filter>
    </ClInclude>
    <ClInclude Include="Dependencies\spdlog\include\spdlog\sinks\stdout_color_sinks.h">
      <Filter>Header Files</Filter>
    </ClInclude>
    <ClInclude Include="Dependencies\spdlog\include\spdlog\sinks\stdout_color_sinks-inl.h">
      <Filter>Header Files</Filter>
    </ClInclude>
    <ClInclude Include="Dependencies\spdlog\include\spdlog\sinks\stdout_sinks.h">
      <Filter>Header Files</Filter>
    </ClInclude>
    <ClInclude Include="Dependencies\spdlog\include\spdlog\sinks\stdout_sinks-inl.h">
      <Filter>Header Files</Filter>
    </ClInclude>
    <ClInclude Include="Dependencies\spdlog\include\spdlog\sinks\syslog_sink.h">
      <Filter>Header Files</Filter>
    </ClInclude>
    <ClInclude Include="Dependencies\spdlog\include\spdlog\sinks\systemd_sink.h">
      <Filter>Header Files</Filter>
    </ClInclude>
    <ClInclude Include="Dependencies\spdlog\include\spdlog\sinks\tcp_sink.h">
      <Filter>Header Files</Filter>
    </ClInclude>
    <ClInclude Include="Dependencies\spdlog\include\spdlog\sinks\udp_sink.h">
      <Filter>Header Files</Filter>
    </ClInclude>
    <ClInclude Include="Dependencies\spdlog\include\spdlog\sinks\win_eventlog_sink.h">
      <Filter>Header Files</Filter>
    </ClInclude>
    <ClInclude Include="Dependencies\spdlog\include\spdlog\sinks\wincolor_sink.h">
      <Filter>Header Files</Filter>
    </ClInclude>
    <ClInclude Include="Dependencies\spdlog\include\spdlog\sinks\wincolor_sink-inl.h">
      <Filter>Header Files</Filter>
    </ClInclude>
    <ClInclude Include="Dependencies\spdlog\include\spdlog\async.h">
      <Filter>Header Files</Filter>
    </ClInclude>
    <ClInclude Include="Dependencies\spdlog\include\spdlog\async_logger.h">
      <Filter>Header Files</Filter>
    </ClInclude>
    <ClInclude Include="Dependencies\spdlog\include\spdlog\async_logger-inl.h">
      <Filter>Header Files</Filter>
    </ClInclude>
    <ClInclude Include="Dependencies\spdlog\include\spdlog\common.h">
      <Filter>Header Files</Filter>
    </ClInclude>
    <ClInclude Include="Dependencies\spdlog\include\spdlog\common-inl.h">
      <Filter>Header Files</Filter>
    </ClInclude>
    <ClInclude Include="Dependencies\spdlog\include\spdlog\formatter.h">
      <Filter>Header Files</Filter>
    </ClInclude>
    <ClInclude Include="Dependencies\spdlog\include\spdlog\fwd.h">
      <Filter>Header Files</Filter>
    </ClInclude>
    <ClInclude Include="Dependencies\spdlog\include\spdlog\logger.h">
      <Filter>Header Files</Filter>
    </ClInclude>
    <ClInclude Include="Dependencies\spdlog\include\spdlog\logger-inl.h">
      <Filter>Header Files</Filter>
    </ClInclude>
    <ClInclude Include="Dependencies\spdlog\include\spdlog\pattern_formatter.h">
      <Filter>Header Files</Filter>
    </ClInclude>
    <ClInclude Include="Dependencies\spdlog\include\spdlog\pattern_formatter-inl.h">
      <Filter>Header Files</Filter>
    </ClInclude>
    <ClInclude Include="Dependencies\spdlog\include\spdlog\spdlog.h">
      <Filter>Header Files</Filter>
    </ClInclude>
    <ClInclude Include="Dependencies\spdlog\include\spdlog\spdlog-inl.h">
      <Filter>Header Files</Filter>
    </ClInclude>
    <ClInclude Include="Dependencies\spdlog\include\spdlog\stopwatch.h">
      <Filter>Header Files</Filter>
    </ClInclude>
    <ClInclude Include="Dependencies\spdlog\include\spdlog\tweakme.h">
      <Filter>Header Files</Filter>
    </ClInclude>
    <ClInclude Include="Dependencies\spdlog\include\spdlog\version.h">
      <Filter>Header Files</Filter>
    </ClInclude>
    <ClInclude Include="Dependencies\GLEW\include\GL\eglew.h">
      <Filter>Header Files</Filter>
    </ClInclude>
    <ClInclude Include="Dependencies\GLEW\include\GL\glew.h">
      <Filter>Header Files</Filter>
    </ClInclude>
    <ClInclude Include="Dependencies\GLEW\include\GL\glxew.h">
      <Filter>Header Files</Filter>
    </ClInclude>
    <ClInclude Include="Dependencies\GLEW\include\GL\wglew.h">
      <Filter>Header Files</Filter>
    </ClInclude>
    <ClInclude Include="src\Function\OpenCV.h">
      <Filter>Header Files</Filter>
    </ClInclude>
    <ClInclude Include="src\Function\Timer.h">
      <Filter>Header Files</Filter>
    </ClInclude>
    <ClInclude Include="src\Function\Logger.h">
      <Filter>Header Files</Filter>
    </ClInclude>
    <ClInclude Include="src\GUI\Investigation\Hardware\HardwareUsage.h">
      <Filter>Header Files</Filter>
    </ClInclude>
    <ClInclude Include="src\pch.h">
      <Filter>Header Files</Filter>
    </ClInclude>
    <ClInclude Include="src\Function\Plot.h">
      <Filter>Header Files</Filter>
    </ClInclude>
    <ClInclude Include="Dependencies\PugiXml\include\PugiXml\pugiconfig.hpp">
      <Filter>Header Files</Filter>
    </ClInclude>
    <ClInclude Include="Dependencies\PugiXml\include\PugiXml\pugixml.hpp">
      <Filter>Header Files</Filter>
    </ClInclude>
    <ClInclude Include="src\GUI\Window\ImGuiWindow.h">
      <Filter>Header Files</Filter>
    </ClInclude>
    <ClInclude Include="Dependencies\TeliCamSDK\TeliCamApi\include\TeliCamSDK\RegisterMap_BG_Type1.h">
      <Filter>Header Files</Filter>
    </ClInclude>
    <ClInclude Include="Dependencies\TeliCamSDK\TeliCamApi\include\TeliCamSDK\RegisterMap_BG_Type2.h">
      <Filter>Header Files</Filter>
    </ClInclude>
    <ClInclude Include="Dependencies\TeliCamSDK\TeliCamApi\include\TeliCamSDK\RegisterMap_BU.h">
      <Filter>Header Files</Filter>
    </ClInclude>
    <ClInclude Include="Dependencies\TeliCamSDK\TeliCamApi\include\TeliCamSDK\TeliCamApi.h">
      <Filter>Header Files</Filter>
    </ClInclude>
    <ClInclude Include="Dependencies\TeliCamSDK\TeliCamApi\include\TeliCamSDK\TeliCamNode.h">
      <Filter>Header Files</Filter>
    </ClInclude>
    <ClInclude Include="Dependencies\TeliCamSDK\TeliCamApi\include\TeliCamSDK\TeliCamUtl.h">
      <Filter>Header Files</Filter>
    </ClInclude>
    <ClInclude Include="Dependencies\TeliCamSDK\TeliCamApi\include\TeliCamSDK\TeliTypes.h">
      <Filter>Header Files</Filter>
    </ClInclude>
    <ClInclude Include="Dependencies\TeliCamSDK\TeliCamApi\include\TeliCamSDK\XmlFeatures.h">
      <Filter>Header Files</Filter>
    </ClInclude>
    <ClInclude Include="src\GUI\Tools\ImGuiToolWindow.h">
      <Filter>Header Files</Filter>
    </ClInclude>
    <ClInclude Include="src\GUI\Main\Application.h">
      <Filter>Header Files</Filter>
    </ClInclude>
    <ClInclude Include="src\GUI\Tools\OpenCV\OpenCVToolWindow.h">
      <Filter>Header Files</Filter>
    </ClInclude>
    <ClInclude Include="src\GUI\Tools\Debugger\DebugToolWindow.h">
      <Filter>Header Files</Filter>
    </ClInclude>
    <ClInclude Include="src\GUI\Gui.h">
      <Filter>Header Files</Filter>
    </ClInclude>
    <ClInclude Include="src\GUI\Style\Style.h">
      <Filter>Header Files</Filter>
    </ClInclude>
    <ClInclude Include="src\FilePath\FilePath.h">
      <Filter>Header Files</Filter>
    </ClInclude>
    <ClInclude Include="src\GUI\Tools\Plot\PlotToolWindow.h">
      <Filter>Header Files</Filter>
    </ClInclude>
    <ClInclude Include="src\LYGui.h">
      <Filter>Header Files</Filter>
    </ClInclude>
    <ClInclude Include="Dependencies\vsshell\include\vsshell\vsshell80.h">
      <Filter>Header Files</Filter>
    </ClInclude>
    <ClInclude Include="Dependencies\ImGui\imstb_rectpack.h">
      <Filter>Header Files</Filter>
    </ClInclude>
    <ClInclude Include="Dependencies\ImGui\imstb_textedit.h">
      <Filter>Header Files</Filter>
    </ClInclude>
    <ClInclude Include="Dependencies\ImGui\imstb_truetype.h">
      <Filter>Header Files</Filter>
    </ClInclude>
    <ClInclude Include="src\GUI\Window\Logger\LoggerWindow.h">
      <Filter>Header Files</Filter>
    </ClInclude>
    <ClInclude Include="Dependencies\ThreadPool\include\ThreadPool\BS_thread_pool.hpp">
      <Filter>Header Files</Filter>
    </ClInclude>
    <ClInclude Include="Dependencies\ThreadPool\include\ThreadPool\BS_thread_pool_light.hpp">
      <Filter>Header Files</Filter>
    </ClInclude>
    <ClInclude Include="Dependencies\ThreadPool\include\ThreadPool\ThreadPool.h">
      <Filter>Header Files</Filter>
    </ClInclude>
    <ClInclude Include="src\Core.h">
      <Filter>Header Files</Filter>
    </ClInclude>
    <ClInclude Include="src\Function\Math.h">
      <Filter>Header Files</Filter>
    </ClInclude>
  </ItemGroup>
  <ItemGroup>
    <None Include="Dependencies\ImGui\ImGuiAl\fonts\CodingFontTobi.inl">
      <Filter>Header Files</Filter>
    </None>
    <None Include="Dependencies\ImGui\ImGuiAl\fonts\CousineBold.inl">
      <Filter>Header Files</Filter>
    </None>
    <None Include="Dependencies\ImGui\ImGuiAl\fonts\CousineBoldItalic.inl">
      <Filter>Header Files</Filter>
    </None>
    <None Include="Dependencies\ImGui\ImGuiAl\fonts\CousineItalic.inl">
      <Filter>Header Files</Filter>
    </None>
    <None Include="Dependencies\ImGui\ImGuiAl\fonts\CousineRegular.inl">
      <Filter>Header Files</Filter>
    </None>
    <None Include="Dependencies\ImGui\ImGuiAl\fonts\Crisp.inl">
      <Filter>Header Files</Filter>
    </None>
    <None Include="Dependencies\ImGui\ImGuiAl\fonts\FontAudio.inl">
      <Filter>Header Files</Filter>
    </None>
    <None Include="Dependencies\ImGui\ImGuiAl\fonts\FontAwesome4.inl">
      <Filter>Header Files</Filter>
    </None>
    <None Include="Dependencies\ImGui\ImGuiAl\fonts\FontAwesome5Brands400.inl">
      <Filter>Header Files</Filter>
    </None>
    <None Include="Dependencies\ImGui\ImGuiAl\fonts\FontAwesome5Regular400.inl">
      <Filter>Header Files</Filter>
    </None>
    <None Include="Dependencies\ImGui\ImGuiAl\fonts\FontAwesome5Solid900.inl">
      <Filter>Header Files</Filter>
    </None>
    <None Include="Dependencies\ImGui\ImGuiAl\fonts\FontAwesome6Brands400.inl">
      <Filter>Header Files</Filter>
    </None>
    <None Include="Dependencies\ImGui\ImGuiAl\fonts\FontAwesome6Regular400.inl">
      <Filter>Header Files</Filter>
    </None>
    <None Include="Dependencies\ImGui\ImGuiAl\fonts\FontAwesome6Solid900.inl">
      <Filter>Header Files</Filter>
    </None>
    <None Include="Dependencies\ImGui\ImGuiAl\fonts\ForkAwesome.inl">
      <Filter>Header Files</Filter>
    </None>
    <None Include="Dependencies\ImGui\ImGuiAl\fonts\KarlaBold.inl">
      <Filter>Header Files</Filter>
    </None>
    <None Include="Dependencies\ImGui\ImGuiAl\fonts\KarlaBoldItalic.inl">
      <Filter>Header Files</Filter>
    </None>
    <None Include="Dependencies\ImGui\ImGuiAl\fonts\KarlaExtraBold.inl">
      <Filter>Header Files</Filter>
    </None>
    <None Include="Dependencies\ImGui\ImGuiAl\fonts\KarlaExtraBoldItalic.inl">
      <Filter>Header Files</Filter>
    </None>
    <None Include="Dependencies\ImGui\ImGuiAl\fonts\KarlaExtraLight.inl">
      <Filter>Header Files</Filter>
    </None>
    <None Include="Dependencies\ImGui\ImGuiAl\fonts\KarlaExtraLightItalic.inl">
      <Filter>Header Files</Filter>
    </None>
    <None Include="Dependencies\ImGui\ImGuiAl\fonts\KarlaItalic.inl">
      <Filter>Header Files</Filter>
    </None>
    <None Include="Dependencies\ImGui\ImGuiAl\fonts\KarlaItalicVariableFont.inl">
      <Filter>Header Files</Filter>
    </None>
    <None Include="Dependencies\ImGui\ImGuiAl\fonts\KarlaLight.inl">
      <Filter>Header Files</Filter>
    </None>
    <None Include="Dependencies\ImGui\ImGuiAl\fonts\KarlaLightItalic.inl">
      <Filter>Header Files</Filter>
    </None>
    <None Include="Dependencies\ImGui\ImGuiAl\fonts\KarlaMedium.inl">
      <Filter>Header Files</Filter>
    </None>
    <None Include="Dependencies\ImGui\ImGuiAl\fonts\KarlaMediumItalic.inl">
      <Filter>Header Files</Filter>
    </None>
    <None Include="Dependencies\ImGui\ImGuiAl\fonts\KarlaRegular.inl">
      <Filter>Header Files</Filter>
    </None>
    <None Include="Dependencies\ImGui\ImGuiAl\fonts\KarlaSemiBold.inl">
      <Filter>Header Files</Filter>
    </None>
    <None Include="Dependencies\ImGui\ImGuiAl\fonts\KarlaSemiBoldItalic.inl">
      <Filter>Header Files</Filter>
    </None>
    <None Include="Dependencies\ImGui\ImGuiAl\fonts\KarlaVariableFont.inl">
      <Filter>Header Files</Filter>
    </None>
    <None Include="Dependencies\ImGui\ImGuiAl\fonts\KenneyIcons.inl">
      <Filter>Header Files</Filter>
    </None>
    <None Include="Dependencies\ImGui\ImGuiAl\fonts\MaterialDesign.inl">
      <Filter>Header Files</Filter>
    </None>
    <None Include="Dependencies\ImGui\ImGuiAl\fonts\PixelCarnageMono.inl">
      <Filter>Header Files</Filter>
    </None>
    <None Include="Dependencies\ImGui\ImGuiAl\fonts\ProggyClean.inl">
      <Filter>Header Files</Filter>
    </None>
    <None Include="Dependencies\ImGui\ImGuiAl\fonts\ProggyCleanCE.inl">
      <Filter>Header Files</Filter>
    </None>
    <None Include="Dependencies\ImGui\ImGuiAl\fonts\ProggyCleanSZ.inl">
      <Filter>Header Files</Filter>
    </None>
    <None Include="Dependencies\ImGui\ImGuiAl\fonts\ProggySmall.inl">
      <Filter>Header Files</Filter>
    </None>
    <None Include="Dependencies\ImGui\ImGuiAl\fonts\ProggySquare.inl">
      <Filter>Header Files</Filter>
    </None>
    <None Include="Dependencies\ImGui\ImGuiAl\fonts\ProggySquareSZ.inl">
      <Filter>Header Files</Filter>
    </None>
    <None Include="Dependencies\ImGui\ImGuiAl\fonts\ProggyTiny.inl">
      <Filter>Header Files</Filter>
    </None>
    <None Include="Dependencies\ImGui\ImGuiAl\fonts\ProggyTinySZ.inl">
      <Filter>Header Files</Filter>
    </None>
    <None Include="Dependencies\ImGui\ImGuiAl\fonts\RobotoBlack.inl">
      <Filter>Header Files</Filter>
    </None>
    <None Include="Dependencies\ImGui\ImGuiAl\fonts\RobotoBlackItalic.inl">
      <Filter>Header Files</Filter>
    </None>
    <None Include="Dependencies\ImGui\ImGuiAl\fonts\RobotoBold.inl">
      <Filter>Header Files</Filter>
    </None>
    <None Include="Dependencies\ImGui\ImGuiAl\fonts\RobotoBoldItalic.inl">
      <Filter>Header Files</Filter>
    </None>
    <None Include="Dependencies\ImGui\ImGuiAl\fonts\RobotoItalic.inl">
      <Filter>Header Files</Filter>
    </None>
    <None Include="Dependencies\ImGui\ImGuiAl\fonts\RobotoLight.inl">
      <Filter>Header Files</Filter>
    </None>
    <None Include="Dependencies\ImGui\ImGuiAl\fonts\RobotoLightItalic.inl">
      <Filter>Header Files</Filter>
    </None>
    <None Include="Dependencies\ImGui\ImGuiAl\fonts\RobotoMedium.inl">
      <Filter>Header Files</Filter>
    </None>
    <None Include="Dependencies\ImGui\ImGuiAl\fonts\RobotoMediumItalic.inl">
      <Filter>Header Files</Filter>
    </None>
    <None Include="Dependencies\ImGui\ImGuiAl\fonts\RobotoRegular.inl">
      <Filter>Header Files</Filter>
    </None>
    <None Include="Dependencies\ImGui\ImGuiAl\fonts\RobotoThin.inl">
      <Filter>Header Files</Filter>
    </None>
    <None Include="Dependencies\ImGui\ImGuiAl\fonts\RobotoThinItalic.inl">
      <Filter>Header Files</Filter>
    </None>
    <None Include="Dependencies\TeliCamSDK\TeliCamApi\bin\x64\CLAllSerial_MD_VC120_v3_0.dll" />
    <None Include="Dependencies\TeliCamSDK\TeliCamApi\bin\x64\CLProtocol_MD_VC120_v3_0.dll" />
    <None Include="Dependencies\TeliCamSDK\TeliCamApi\bin\x64\CLSerCOM.dll" />
    <None Include="Dependencies\TeliCamSDK\TeliCamApi\bin\x64\GCBase_MD_VC120_v3_0.dll" />
    <None Include="Dependencies\TeliCamSDK\TeliCamApi\bin\x64\GenApi_MD_VC120_v3_0.dll" />
    <None Include="Dependencies\TeliCamSDK\TeliCamApi\bin\x64\GenCP_MD_VC120_v3_0.dll" />
    <None Include="Dependencies\TeliCamSDK\TeliCamApi\bin\x64\Log_MD_VC120_v3_0.dll" />
    <None Include="Dependencies\TeliCamSDK\TeliCamApi\bin\x64\log4cpp_MD_VC120_v3_0.dll" />
    <None Include="Dependencies\TeliCamSDK\TeliCamApi\bin\x64\MathParser_MD_VC120_v3_0.dll" />
    <None Include="Dependencies\TeliCamSDK\TeliCamApi\bin\x64\NodeMapData_MD_VC120_v3_0.dll" />
    <None Include="Dependencies\TeliCamSDK\TeliCamApi\bin\x64\TeliCamAIK64.dll" />
    <None Include="Dependencies\TeliCamSDK\TeliCamApi\bin\x64\TeliCamApi64.dll" />
    <None Include="Dependencies\TeliCamSDK\TeliCamApi\bin\x64\TeliCamDNet2_0Api64.dll" />
    <None Include="Dependencies\TeliCamSDK\TeliCamApi\bin\x64\TeliCamDNet4_0Api64.dll" />
    <None Include="Dependencies\TeliCamSDK\TeliCamApi\bin\x64\TeliCamTL64.cti" />
    <None Include="Dependencies\TeliCamSDK\TeliCamApi\bin\x64\TeliCamUtl64.dll" />
    <None Include="Dependencies\TeliCamSDK\TeliCamApi\bin\x64\TeliGevApi2_64.dll" />
    <None Include="Dependencies\TeliCamSDK\TeliCamApi\bin\x64\TeliGevCamApi64.dll" />
    <None Include="Dependencies\TeliCamSDK\TeliCamApi\bin\x64\TeliU3vApi2_64.dll" />
    <None Include="Dependencies\TeliCamSDK\TeliCamApi\bin\x64\TeliU3vCamApi64.dll" />
    <None Include="Dependencies\TeliCamSDK\TeliCamApi\bin\x64\XmlParser_MD_VC120_v3_0.dll" />
    <None Include="Dependencies\TeliCamSDK\TeliCamApi\lib\x64\TeliCamAIK64.dll" />
    <None Include="Dependencies\TeliCamSDK\TeliCamApi\lib\x64\TeliCamApi64.dll" />
    <None Include="Dependencies\TeliCamSDK\TeliCamApi\lib\x64\TeliCamDNet2_0Api64.dll" />
    <None Include="Dependencies\TeliCamSDK\TeliCamApi\lib\x64\TeliCamDNet4_0Api64.dll" />
    <None Include="Dependencies\TeliCamSDK\TeliCamApi\lib\x64\TeliCamTL64.cti" />
    <None Include="Dependencies\TeliCamSDK\TeliCamApi\lib\x64\TeliCamUtl64.dll" />
    <None Include="Dependencies\TeliCamSDK\TeliCamApi\lib\x64\TeliGevApi2_64.dll" />
    <None Include="Dependencies\TeliCamSDK\TeliCamApi\lib\x64\TeliGevCamApi64.dll" />
    <None Include="Dependencies\TeliCamSDK\TeliCamApi\lib\x64\TeliU3vApi2_64.dll" />
    <None Include="Dependencies\TeliCamSDK\TeliCamApi\lib\x64\TeliU3vCamApi64.dll" />
    <None Include="Dependencies\ThreadPool\tests\BS_thread_pool_test.ps1" />
  </ItemGroup>
  <ItemGroup>
    <Library Include="Dependencies\TeliCamSDK\TeliCamApi\lib\x64\TeliCamApi64.lib" />
    <Library Include="Dependencies\TeliCamSDK\TeliCamApi\lib\x64\TeliCamUtl64.lib" />
  </ItemGroup>
  <ItemGroup>
    <Xml Include="Asset\Xml\UI\UI.xml" />
    <Xml Include="Asset\Xml\Sample Curve.xml" />
    <Xml Include="Asset\Xml\Snr28(1_1)_AA1_5726.log_1.xml" />
    <Xml Include="Asset\Xml\Snr28(1_1)_AA1_5726.log_2.xml" />
    <Xml Include="Asset\Xml\Snr28(1_1)_AA2_5734.log_1.xml" />
    <Xml Include="Asset\Xml\Snr28(1_1)_AA2_5734.log_2.xml" />
    <Xml Include="Asset\Xml\SensorID-1684997333-AA.xml" />
  </ItemGroup>
</Project>